
Microsoft Visual Studio Solution File, Format Version 12.00
# Visual Studio Version 17
VisualStudioVersion = 17.10.35027.167
MinimumVisualStudioVersion = 10.0.40219.1
Project("{FAE04EC0-301F-11D3-BF4B-00C04F79EFBC}") = "Practico1", "Practico1.csproj", "{99889882-ABF0-4BE0-A693-6CADF8DDE840}"
EndProject
Global
	GlobalSection(SolutionConfigurationPlatforms) = preSolution
		Debug|Any CPU = Debug|Any CPU
		Release|Any CPU = Release|Any CPU
	EndGlobalSection
	GlobalSection(ProjectConfigurationPlatforms) = postSolution
		{99889882-ABF0-4BE0-A693-6CADF8DDE840}.Debug|Any CPU.ActiveCfg = Debug|Any CPU
		{99889882-ABF0-4BE0-A693-6CADF8DDE840}.Debug|Any CPU.Build.0 = Debug|Any CPU
		{99889882-ABF0-4BE0-A693-6CADF8DDE840}.Release|Any CPU.ActiveCfg = Release|Any CPU
		{99889882-ABF0-4BE0-A693-6CADF8DDE840}.Release|Any CPU.Build.0 = Release|Any CPU
	EndGlobalSection
	GlobalSection(SolutionProperties) = preSolution
		HideSolutionNode = FALSE
	EndGlobalSection
	GlobalSection(ExtensibilityGlobals) = postSolution
		SolutionGuid = {98868186-5DA6-41B6-8E1B-F0CB0558C0F9}
	EndGlobalSection
EndGlobal
